// !$*UTF8*$!
{
	archiveVersion = 1;
	classes = {
	};
	objectVersion = 50;
	objects = {

/* Begin PBXBuildFile section */
		134DCB5F23F08C3900393AEA /* AppDelegate.swift in Sources */ = {isa = PBXBuildFile; fileRef = 134DCB5E23F08C3900393AEA /* AppDelegate.swift */; };
		134DCB6123F08C3A00393AEA /* SceneDelegate.swift in Sources */ = {isa = PBXBuildFile; fileRef = 134DCB6023F08C3900393AEA /* SceneDelegate.swift */; };
		134DCB6323F08C3A00393AEA /* MainViewController.swift in Sources */ = {isa = PBXBuildFile; fileRef = 134DCB6223F08C3A00393AEA /* MainViewController.swift */; };
		134DCB6823F08C3C00393AEA /* Assets.xcassets in Resources */ = {isa = PBXBuildFile; fileRef = 134DCB6723F08C3C00393AEA /* Assets.xcassets */; };
		134DCB6B23F08C3C00393AEA /* LaunchScreen.storyboard in Resources */ = {isa = PBXBuildFile; fileRef = 134DCB6923F08C3C00393AEA /* LaunchScreen.storyboard */; };
		134DCB7323F08D0100393AEA /* Main.storyboard in Resources */ = {isa = PBXBuildFile; fileRef = 134DCB7223F08D0100393AEA /* Main.storyboard */; };
/* End PBXBuildFile section */

/* Begin PBXFileReference section */
		134DCB5B23F08C3900393AEA /* testOnOpenTokPublisher.app */ = {isa = PBXFileReference; explicitFileType = wrapper.application; includeInIndex = 0; path = testOnOpenTokPublisher.app; sourceTree = BUILT_PRODUCTS_DIR; };
		134DCB5E23F08C3900393AEA /* AppDelegate.swift */ = {isa = PBXFileReference; lastKnownFileType = sourcecode.swift; path = AppDelegate.swift; sourceTree = "<group>"; };
		134DCB6023F08C3900393AEA /* SceneDelegate.swift */ = {isa = PBXFileReference; lastKnownFileType = sourcecode.swift; path = SceneDelegate.swift; sourceTree = "<group>"; };
		134DCB6223F08C3A00393AEA /* MainViewController.swift */ = {isa = PBXFileReference; lastKnownFileType = sourcecode.swift; path = MainViewController.swift; sourceTree = "<group>"; };
		134DCB6723F08C3C00393AEA /* Assets.xcassets */ = {isa = PBXFileReference; lastKnownFileType = folder.assetcatalog; path = Assets.xcassets; sourceTree = "<group>"; };
		134DCB6A23F08C3C00393AEA /* Base */ = {isa = PBXFileReference; lastKnownFileType = file.storyboard; name = Base; path = Base.lproj/LaunchScreen.storyboard; sourceTree = "<group>"; };
		134DCB6C23F08C3C00393AEA /* Info.plist */ = {isa = PBXFileReference; lastKnownFileType = text.plist.xml; path = Info.plist; sourceTree = "<group>"; };
		134DCB7223F08D0100393AEA /* Main.storyboard */ = {isa = PBXFileReference; fileEncoding = 4; lastKnownFileType = file.storyboard; path = Main.storyboard; sourceTree = "<group>"; };
/* End PBXFileReference section */

/* Begin PBXFrameworksBuildPhase section */
		134DCB5823F08C3900393AEA /* Frameworks */ = {
			isa = PBXFrameworksBuildPhase;
			buildActionMask = 2147483647;
			files = (
			);
			runOnlyForDeploymentPostprocessing = 0;
		};
/* End PBXFrameworksBuildPhase section */

/* Begin PBXGroup section */
		134DCB5223F08C3900393AEA = {
			isa = PBXGroup;
			children = (
				134DCB5D23F08C3900393AEA /* testOnOpenTokPublisher */,
				134DCB5C23F08C3900393AEA /* Products */,
			);
			sourceTree = "<group>";
		};
		134DCB5C23F08C3900393AEA /* Products */ = {
			isa = PBXGroup;
			children = (
				134DCB5B23F08C3900393AEA /* testOnOpenTokPublisher.app */,
			);
			name = Products;
			sourceTree = "<group>";
		};
		134DCB5D23F08C3900393AEA /* testOnOpenTokPublisher */ = {
			isa = PBXGroup;
			children = (
				134DCB7223F08D0100393AEA /* Main.storyboard */,
				134DCB5E23F08C3900393AEA /* AppDelegate.swift */,
				134DCB6023F08C3900393AEA /* SceneDelegate.swift */,
				134DCB6223F08C3A00393AEA /* MainViewController.swift */,
				134DCB6723F08C3C00393AEA /* Assets.xcassets */,
				134DCB6923F08C3C00393AEA /* LaunchScreen.storyboard */,
				134DCB6C23F08C3C00393AEA /* Info.plist */,
			);
			path = testOnOpenTokPublisher;
			sourceTree = "<group>";
		};
/* End PBXGroup section */

/* Begin PBXNativeTarget section */
		134DCB5A23F08C3900393AEA /* testOnOpenTokPublisher */ = {
			isa = PBXNativeTarget;
			buildConfigurationList = 134DCB6F23F08C3C00393AEA /* Build configuration list for PBXNativeTarget "testOnOpenTokPublisher" */;
			buildPhases = (
				134DCB5723F08C3900393AEA /* Sources */,
				134DCB5823F08C3900393AEA /* Frameworks */,
				134DCB5923F08C3900393AEA /* Resources */,
			);
			buildRules = (
			);
			dependencies = (
			);
			name = testOnOpenTokPublisher;
			productName = testOnOpenTokPublisher;
			productReference = 134DCB5B23F08C3900393AEA /* testOnOpenTokPublisher.app */;
			productType = "com.apple.product-type.application";
		};
/* End PBXNativeTarget section */

/* Begin PBXProject section */
		134DCB5323F08C3900393AEA /* Project object */ = {
			isa = PBXProject;
			attributes = {
				LastSwiftUpdateCheck = 1130;
				LastUpgradeCheck = 1130;
				ORGANIZATIONNAME = Assistcard;
				TargetAttributes = {
					134DCB5A23F08C3900393AEA = {
						CreatedOnToolsVersion = 11.3.1;
					};
				};
			};
			buildConfigurationList = 134DCB5623F08C3900393AEA /* Build configuration list for PBXProject "testOnOpenTokPublisher" */;
			compatibilityVersion = "Xcode 9.3";
			developmentRegion = en;
			hasScannedForEncodings = 0;
			knownRegions = (
				en,
				Base,
			);
			mainGroup = 134DCB5223F08C3900393AEA;
			productRefGroup = 134DCB5C23F08C3900393AEA /* Products */;
			projectDirPath = "";
			projectRoot = "";
			targets = (
				134DCB5A23F08C3900393AEA /* testOnOpenTokPublisher */,
			);
		};
/* End PBXProject section */

/* Begin PBXResourcesBuildPhase section */
		134DCB5923F08C3900393AEA /* Resources */ = {
			isa = PBXResourcesBuildPhase;
			buildActionMask = 2147483647;
			files = (
				134DCB7323F08D0100393AEA /* Main.storyboard in Resources */,
				134DCB6B23F08C3C00393AEA /* LaunchScreen.storyboard in Resources */,
				134DCB6823F08C3C00393AEA /* Assets.xcassets in Resources */,
			);
			runOnlyForDeploymentPostprocessing = 0;
		};
/* End PBXResourcesBuildPhase section */

/* Begin PBXSourcesBuildPhase section */
		134DCB5723F08C3900393AEA /* Sources */ = {
			isa = PBXSourcesBuildPhase;
			buildActionMask = 2147483647;
			files = (
				134DCB6323F08C3A00393AEA /* MainViewController.swift in Sources */,
				134DCB5F23F08C3900393AEA /* AppDelegate.swift in Sources */,
				134DCB6123F08C3A00393AEA /* SceneDelegate.swift in Sources */,
			);
			runOnlyForDeploymentPostprocessing = 0;
		};
/* End PBXSourcesBuildPhase section */

/* Begin PBXVariantGroup section */
		134DCB6923F08C3C00393AEA /* LaunchScreen.storyboard */ = {
			isa = PBXVariantGroup;
			children = (
				134DCB6A23F08C3C00393AEA /* Base */,
			);
			name = LaunchScreen.storyboard;
			sourceTree = "<group>";
		};
/* End PBXVariantGroup section */

/* Begin XCBuildConfiguration section */
		134DCB6D23F08C3C00393AEA /* Debug */ = {
			isa = XCBuildConfiguration;
			buildSettings = {
				ALWAYS_SEARCH_USER_PATHS = NO;
				CLANG_ANALYZER_NONNULL = YES;
				CLANG_ANALYZER_NUMBER_OBJECT_CONVERSION = YES_AGGRESSIVE;
				CLANG_CXX_LANGUAGE_STANDARD = "gnu++14";
				CLANG_CXX_LIBRARY = "libc++";
				CLANG_ENABLE_MODULES = YES;
				CLANG_ENABLE_OBJC_ARC = YES;
				CLANG_ENABLE_OBJC_WEAK = YES;
				CLANG_WARN_BLOCK_CAPTURE_AUTORELEASING = YES;
				CLANG_WARN_BOOL_CONVERSION = YES;
				CLANG_WARN_COMMA = YES;
				CLANG_WARN_CONSTANT_CONVERSION = YES;
				CLANG_WARN_DEPRECATED_OBJC_IMPLEMENTATIONS = YES;
				CLANG_WARN_DIRECT_OBJC_ISA_USAGE = YES_ERROR;
				CLANG_WARN_DOCUMENTATION_COMMENTS = YES;
				CLANG_WARN_EMPTY_BODY = YES;
				CLANG_WARN_ENUM_CONVERSION = YES;
				CLANG_WARN_INFINITE_RECURSION = YES;
				CLANG_WARN_INT_CONVERSION = YES;
				CLANG_WARN_NON_LITERAL_NULL_CONVERSION = YES;
				CLANG_WARN_OBJC_IMPLICIT_RETAIN_SELF = YES;
				CLANG_WARN_OBJC_LITERAL_CONVERSION = YES;
				CLANG_WARN_OBJC_ROOT_CLASS = YES_ERROR;
				CLANG_WARN_RANGE_LOOP_ANALYSIS = YES;
				CLANG_WARN_STRICT_PROTOTYPES = YES;
				CLANG_WARN_SUSPICIOUS_MOVE = YES;
				CLANG_WARN_UNGUARDED_AVAILABILITY = YES_AGGRESSIVE;
				CLANG_WARN_UNREACHABLE_CODE = YES;
				CLANG_WARN__DUPLICATE_METHOD_MATCH = YES;
				COPY_PHASE_STRIP = NO;
				DEBUG_INFORMATION_FORMAT = dwarf;
				ENABLE_STRICT_OBJC_MSGSEND = YES;
				ENABLE_TESTABILITY = YES;
				GCC_C_LANGUAGE_STANDARD = gnu11;
				GCC_DYNAMIC_NO_PIC = NO;
				GCC_NO_COMMON_BLOCKS = YES;
				GCC_OPTIMIZATION_LEVEL = 0;
				GCC_PREPROCESSOR_DEFINITIONS = (
					"DEBUG=1",
					"$(inherited)",
				);
				GCC_WARN_64_TO_32_BIT_CONVERSION = YES;
				GCC_WARN_ABOUT_RETURN_TYPE = YES_ERROR;
				GCC_WARN_UNDECLARED_SELECTOR = YES;
				GCC_WARN_UNINITIALIZED_AUTOS = YES_AGGRESSIVE;
				GCC_WARN_UNUSED_FUNCTION = YES;
				GCC_WARN_UNUSED_VARIABLE = YES;
				IPHONEOS_DEPLOYMENT_TARGET = 13.2;
				MTL_ENABLE_DEBUG_INFO = INCLUDE_SOURCE;
				MTL_FAST_MATH = YES;
				ONLY_ACTIVE_ARCH = YES;
				SDKROOT = iphoneos;
				SWIFT_ACTIVE_COMPILATION_CONDITIONS = DEBUG;
				SWIFT_OPTIMIZATION_LEVEL = "-Onone";
			};
			name = Debug;
		};
		134DCB6E23F08C3C00393AEA /* Release */ = {
			isa = XCBuildConfiguration;
			buildSettings = {
				ALWAYS_SEARCH_USER_PATHS = NO;
				CLANG_ANALYZER_NONNULL = YES;
				CLANG_ANALYZER_NUMBER_OBJECT_CONVERSION = YES_AGGRESSIVE;
				CLANG_CXX_LANGUAGE_STANDARD = "gnu++14";
				CLANG_CXX_LIBRARY = "libc++";
				CLANG_ENABLE_MODULES = YES;
				CLANG_ENABLE_OBJC_ARC = YES;
				CLANG_ENABLE_OBJC_WEAK = YES;
				CLANG_WARN_BLOCK_CAPTURE_AUTORELEASING = YES;
				CLANG_WARN_BOOL_CONVERSION = YES;
				CLANG_WARN_COMMA = YES;
				CLANG_WARN_CONSTANT_CONVERSION = YES;
				CLANG_WARN_DEPRECATED_OBJC_IMPLEMENTATIONS = YES;
				CLANG_WARN_DIRECT_OBJC_ISA_USAGE = YES_ERROR;
				CLANG_WARN_DOCUMENTATION_COMMENTS = YES;
				CLANG_WARN_EMPTY_BODY = YES;
				CLANG_WARN_ENUM_CONVERSION = YES;
				CLANG_WARN_INFINITE_RECURSION = YES;
				CLANG_WARN_INT_CONVERSION = YES;
				CLANG_WARN_NON_LITERAL_NULL_CONVERSION = YES;
				CLANG_WARN_OBJC_IMPLICIT_RETAIN_SELF = YES;
				CLANG_WARN_OBJC_LITERAL_CONVERSION = YES;
				CLANG_WARN_OBJC_ROOT_CLASS = YES_ERROR;
				CLANG_WARN_RANGE_LOOP_ANALYSIS = YES;
				CLANG_WARN_STRICT_PROTOTYPES = YES;
				CLANG_WARN_SUSPICIOUS_MOVE = YES;
				CLANG_WARN_UNGUARDED_AVAILABILITY = YES_AGGRESSIVE;
				CLANG_WARN_UNREACHABLE_CODE = YES;
				CLANG_WARN__DUPLICATE_METHOD_MATCH = YES;
				COPY_PHASE_STRIP = NO;
				DEBUG_INFORMATION_FORMAT = "dwarf-with-dsym";
				ENABLE_NS_ASSERTIONS = NO;
				ENABLE_STRICT_OBJC_MSGSEND = YES;
				GCC_C_LANGUAGE_STANDARD = gnu11;
				GCC_NO_COMMON_BLOCKS = YES;
				GCC_WARN_64_TO_32_BIT_CONVERSION = YES;
				GCC_WARN_ABOUT_RETURN_TYPE = YES_ERROR;
				GCC_WARN_UNDECLARED_SELECTOR = YES;
				GCC_WARN_UNINITIALIZED_AUTOS = YES_AGGRESSIVE;
				GCC_WARN_UNUSED_FUNCTION = YES;
				GCC_WARN_UNUSED_VARIABLE = YES;
				IPHONEOS_DEPLOYMENT_TARGET = 13.2;
				MTL_ENABLE_DEBUG_INFO = NO;
				MTL_FAST_MATH = YES;
				SDKROOT = iphoneos;
				SWIFT_COMPILATION_MODE = wholemodule;
				SWIFT_OPTIMIZATION_LEVEL = "-O";
				VALIDATE_PRODUCT = YES;
			};
			name = Release;
		};
		134DCB7023F08C3C00393AEA /* Debug */ = {
			isa = XCBuildConfiguration;
			buildSettings = {
				ASSETCATALOG_COMPILER_APPICON_NAME = AppIcon;
				CODE_SIGN_STYLE = Automatic;
				DEVELOPMENT_TEAM = 7AC7C7FB96;
				INFOPLIST_FILE = testOnOpenTokPublisher/Info.plist;
				LD_RUNPATH_SEARCH_PATHS = (
					"$(inherited)",
					"@executable_path/Frameworks",
				);
				PRODUCT_BUNDLE_IDENTIFIER = com.assistcard.testOnOpenTokPublisher;
				PRODUCT_NAME = "$(TARGET_NAME)";
				SWIFT_VERSION = 5.0;
				TARGETED_DEVICE_FAMILY = "1,2";
			};
			name = Debug;
		};
		134DCB7123F08C3C00393AEA /* Release */ = {
			isa = XCBuildConfiguration;
			buildSettings = {
				ASSETCATALOG_COMPILER_APPICON_NAME = AppIcon;
				CODE_SIGN_STYLE = Automatic;
				DEVELOPMENT_TEAM = 7AC7C7FB96;
				INFOPLIST_FILE = testOnOpenTokPublisher/Info.plist;
				LD_RUNPATH_SEARCH_PATHS = (
					"$(inherited)",
					"@executable_path/Frameworks",
				);
				PRODUCT_BUNDLE_IDENTIFIER = com.assistcard.testOnOpenTokPublisher;
				PRODUCT_NAME = "$(TARGET_NAME)";
				SWIFT_VERSION = 5.0;
				TARGETED_DEVICE_FAMILY = "1,2";
			};
			name = Release;
		};
/* End XCBuildConfiguration section */

/* Begin XCConfigurationList section */
		134DCB5623F08C3900393AEA /* Build configuration list for PBXProject "testOnOpenTokPublisher" */ = {
			isa = XCConfigurationList;
			buildConfigurations = (
				134DCB6D23F08C3C00393AEA /* Debug */,
				134DCB6E23F08C3C00393AEA /* Release */,
			);
			defaultConfigurationIsVisible = 0;
			defaultConfigurationName = Release;
		};
		134DCB6F23F08C3C00393AEA /* Build configuration list for PBXNativeTarget "testOnOpenTokPublisher" */ = {
			isa = XCConfigurationList;
			buildConfigurations = (
				134DCB7023F08C3C00393AEA /* Debug */,
				134DCB7123F08C3C00393AEA /* Release */,
			);
			defaultConfigurationIsVisible = 0;
			defaultConfigurationName = Release;
		};
/* End XCConfigurationList section */
	};
	rootObject = 134DCB5323F08C3900393AEA /* Project object */;
}
